
Microsoft Visual Studio Solution File, Format Version 12.00
# Visual Studio Version 17
VisualStudioVersion = 17.4.33403.182
MinimumVisualStudioVersion = 10.0.40219.1
Project("{FAE04EC0-301F-11D3-BF4B-00C04F79EFBC}") = "ex20", "ex20\ex20.csproj", "{F5C98A9F-0C19-401E-9D5F-DCCD0FAF701F}"
EndProject
Global
	GlobalSection(SolutionConfigurationPlatforms) = preSolution
		Debug|Any CPU = Debug|Any CPU
		Release|Any CPU = Release|Any CPU
	EndGlobalSection
	GlobalSection(ProjectConfigurationPlatforms) = postSolution
		{F5C98A9F-0C19-401E-9D5F-DCCD0FAF701F}.Debug|Any CPU.ActiveCfg = Debug|Any CPU
		{F5C98A9F-0C19-401E-9D5F-DCCD0FAF701F}.Debug|Any CPU.Build.0 = Debug|Any CPU
		{F5C98A9F-0C19-401E-9D5F-DCCD0FAF701F}.Release|Any CPU.ActiveCfg = Release|Any CPU
		{F5C98A9F-0C19-401E-9D5F-DCCD0FAF701F}.Release|Any CPU.Build.0 = Release|Any CPU
	EndGlobalSection
	GlobalSection(SolutionProperties) = preSolution
		HideSolutionNode = FALSE
	EndGlobalSection
	GlobalSection(ExtensibilityGlobals) = postSolution
		SolutionGuid = {FB054377-CEF7-416A-BAE6-5DF70AAAB1DE}
	EndGlobalSection
EndGlobal
